
Microsoft Visual Studio Solution File, Format Version 12.00
# Visual Studio Version 17
VisualStudioVersion = 17.12.35527.113 d17.12
MinimumVisualStudioVersion = 10.0.40219.1
Project("{FAE04EC0-301F-11D3-BF4B-00C04F79EFBC}") = "MVCStore", "MVCStore\MVCStore.csproj", "{C14053DA-54A5-4974-AA39-89E1378C2914}"
EndProject
Project("{FAE04EC0-301F-11D3-BF4B-00C04F79EFBC}") = "MVCStore.Tests", "MVCStore.Tests\MVCStore.Tests.csproj", "{478DA523-A315-42C6-929F-A8C341587E71}"
EndProject
Global
	GlobalSection(SolutionConfigurationPlatforms) = preSolution
		Debug|Any CPU = Debug|Any CPU
		Release|Any CPU = Release|Any CPU
	EndGlobalSection
	GlobalSection(ProjectConfigurationPlatforms) = postSolution
		{C14053DA-54A5-4974-AA39-89E1378C2914}.Debug|Any CPU.ActiveCfg = Debug|Any CPU
		{C14053DA-54A5-4974-AA39-89E1378C2914}.Debug|Any CPU.Build.0 = Debug|Any CPU
		{C14053DA-54A5-4974-AA39-89E1378C2914}.Release|Any CPU.ActiveCfg = Release|Any CPU
		{C14053DA-54A5-4974-AA39-89E1378C2914}.Release|Any CPU.Build.0 = Release|Any CPU
		{478DA523-A315-42C6-929F-A8C341587E71}.Debug|Any CPU.ActiveCfg = Debug|Any CPU
		{478DA523-A315-42C6-929F-A8C341587E71}.Debug|Any CPU.Build.0 = Debug|Any CPU
		{478DA523-A315-42C6-929F-A8C341587E71}.Release|Any CPU.ActiveCfg = Release|Any CPU
		{478DA523-A315-42C6-929F-A8C341587E71}.Release|Any CPU.Build.0 = Release|Any CPU
	EndGlobalSection
	GlobalSection(SolutionProperties) = preSolution
		HideSolutionNode = FALSE
	EndGlobalSection
EndGlobal
